
Microsoft Visual Studio Solution File, Format Version 12.00
# Visual Studio Version 17
VisualStudioVersion = 17.2.32616.157
MinimumVisualStudioVersion = 10.0.40219.1
Project("{FAE04EC0-301F-11D3-BF4B-00C04F79EFBC}") = "CodingGameServer", "CodingGameServer\CodingGameServer.csproj", "{CFCF91A5-4653-4505-88FD-CBE25DD9BCF5}"
EndProject
Project("{FAE04EC0-301F-11D3-BF4B-00C04F79EFBC}") = "Test", "Test\Test.csproj", "{DADF5B03-4306-43A1-878D-15C048D274CA}"
EndProject
Global
	GlobalSection(SolutionConfigurationPlatforms) = preSolution
		Debug|Any CPU = Debug|Any CPU
		Release|Any CPU = Release|Any CPU
	EndGlobalSection
	GlobalSection(ProjectConfigurationPlatforms) = postSolution
		{CFCF91A5-4653-4505-88FD-CBE25DD9BCF5}.Debug|Any CPU.ActiveCfg = Debug|Any CPU
		{CFCF91A5-4653-4505-88FD-CBE25DD9BCF5}.Debug|Any CPU.Build.0 = Debug|Any CPU
		{CFCF91A5-4653-4505-88FD-CBE25DD9BCF5}.Release|Any CPU.ActiveCfg = Release|Any CPU
		{CFCF91A5-4653-4505-88FD-CBE25DD9BCF5}.Release|Any CPU.Build.0 = Release|Any CPU
		{DADF5B03-4306-43A1-878D-15C048D274CA}.Debug|Any CPU.ActiveCfg = Debug|Any CPU
		{DADF5B03-4306-43A1-878D-15C048D274CA}.Debug|Any CPU.Build.0 = Debug|Any CPU
		{DADF5B03-4306-43A1-878D-15C048D274CA}.Release|Any CPU.ActiveCfg = Release|Any CPU
		{DADF5B03-4306-43A1-878D-15C048D274CA}.Release|Any CPU.Build.0 = Release|Any CPU
	EndGlobalSection
	GlobalSection(SolutionProperties) = preSolution
		HideSolutionNode = FALSE
	EndGlobalSection
	GlobalSection(ExtensibilityGlobals) = postSolution
		SolutionGuid = {379F5A84-E64C-4C7E-97BC-AF0067CE51CD}
	EndGlobalSection
EndGlobal
